
Microsoft Visual Studio Solution File, Format Version 11.00
# Visual Studio 2010
Project("{FAE04EC0-301F-11D3-BF4B-00C04F79EFBC}") = "Assembly-CSharp", "Assembly-CSharp.csproj", "{1F90EC32-8B5E-4DC5-43DF-0BAEA2C0E40B}"
EndProject
Project("{FAE04EC0-301F-11D3-BF4B-00C04F79EFBC}") = "Assembly-CSharp-Editor", "Assembly-CSharp-Editor.csproj", "{9744633C-BC29-5FDA-4A86-8DD48A921878}"
EndProject
Global
	GlobalSection(SolutionConfigurationPlatforms) = preSolution
		Debug|Any CPU = Debug|Any CPU
		Release|Any CPU = Release|Any CPU
	EndGlobalSection
	GlobalSection(ProjectConfigurationPlatforms) = postSolution
		{1F90EC32-8B5E-4DC5-43DF-0BAEA2C0E40B}.Debug|Any CPU.ActiveCfg = Debug|Any CPU
		{1F90EC32-8B5E-4DC5-43DF-0BAEA2C0E40B}.Debug|Any CPU.Build.0 = Debug|Any CPU
		{1F90EC32-8B5E-4DC5-43DF-0BAEA2C0E40B}.Release|Any CPU.ActiveCfg = Release|Any CPU
		{1F90EC32-8B5E-4DC5-43DF-0BAEA2C0E40B}.Release|Any CPU.Build.0 = Release|Any CPU
		{9744633C-BC29-5FDA-4A86-8DD48A921878}.Debug|Any CPU.ActiveCfg = Debug|Any CPU
		{9744633C-BC29-5FDA-4A86-8DD48A921878}.Debug|Any CPU.Build.0 = Debug|Any CPU
		{9744633C-BC29-5FDA-4A86-8DD48A921878}.Release|Any CPU.ActiveCfg = Release|Any CPU
		{9744633C-BC29-5FDA-4A86-8DD48A921878}.Release|Any CPU.Build.0 = Release|Any CPU
	EndGlobalSection
	GlobalSection(SolutionProperties) = preSolution
		HideSolutionNode = FALSE
	EndGlobalSection
	GlobalSection(MonoDevelopProperties) = preSolution
		StartupItem = Assembly-CSharp.csproj
	EndGlobalSection
EndGlobal
