
Microsoft Visual Studio Solution File, Format Version 11.00
# Visual Studio 2010
Project("{FAE04EC0-301F-11D3-BF4B-00C04F79EFBC}") = "Assembly-CSharp", "Assembly-CSharp.csproj", "{D6B2B058-F0B9-F3A8-E0DB-11FA294664C6}"
EndProject
Project("{FAE04EC0-301F-11D3-BF4B-00C04F79EFBC}") = "Assembly-CSharp-Editor", "Assembly-CSharp-Editor.csproj", "{8630FA9F-7437-F346-0D27-5FA6505BBBA9}"
EndProject
Global
	GlobalSection(SolutionConfigurationPlatforms) = preSolution
		Debug|Any CPU = Debug|Any CPU
		Release|Any CPU = Release|Any CPU
	EndGlobalSection
	GlobalSection(ProjectConfigurationPlatforms) = postSolution
		{D6B2B058-F0B9-F3A8-E0DB-11FA294664C6}.Debug|Any CPU.ActiveCfg = Debug|Any CPU
		{D6B2B058-F0B9-F3A8-E0DB-11FA294664C6}.Debug|Any CPU.Build.0 = Debug|Any CPU
		{D6B2B058-F0B9-F3A8-E0DB-11FA294664C6}.Release|Any CPU.ActiveCfg = Release|Any CPU
		{D6B2B058-F0B9-F3A8-E0DB-11FA294664C6}.Release|Any CPU.Build.0 = Release|Any CPU
		{8630FA9F-7437-F346-0D27-5FA6505BBBA9}.Debug|Any CPU.ActiveCfg = Debug|Any CPU
		{8630FA9F-7437-F346-0D27-5FA6505BBBA9}.Debug|Any CPU.Build.0 = Debug|Any CPU
		{8630FA9F-7437-F346-0D27-5FA6505BBBA9}.Release|Any CPU.ActiveCfg = Release|Any CPU
		{8630FA9F-7437-F346-0D27-5FA6505BBBA9}.Release|Any CPU.Build.0 = Release|Any CPU
	EndGlobalSection
	GlobalSection(SolutionProperties) = preSolution
		HideSolutionNode = FALSE
	EndGlobalSection
	GlobalSection(MonoDevelopProperties) = preSolution
		StartupItem = Assembly-CSharp.csproj
	EndGlobalSection
EndGlobal
